
Microsoft Visual Studio Solution File, Format Version 12.00
Project("{FAE04EC0-301F-11D3-BF4B-00C04F79EFBC}") = "Krybskytte", "Krybskytte\Krybskytte.csproj", "{BFE0FD78-D6A4-4CBE-AC4A-FDC99A8EDD7A}"
EndProject
Global
	GlobalSection(SolutionConfigurationPlatforms) = preSolution
		Debug|Any CPU = Debug|Any CPU
		Release|Any CPU = Release|Any CPU
	EndGlobalSection
	GlobalSection(ProjectConfigurationPlatforms) = postSolution
		{BFE0FD78-D6A4-4CBE-AC4A-FDC99A8EDD7A}.Debug|Any CPU.ActiveCfg = Debug|Any CPU
		{BFE0FD78-D6A4-4CBE-AC4A-FDC99A8EDD7A}.Debug|Any CPU.Build.0 = Debug|Any CPU
		{BFE0FD78-D6A4-4CBE-AC4A-FDC99A8EDD7A}.Release|Any CPU.ActiveCfg = Release|Any CPU
		{BFE0FD78-D6A4-4CBE-AC4A-FDC99A8EDD7A}.Release|Any CPU.Build.0 = Release|Any CPU
	EndGlobalSection
EndGlobal
